
Microsoft Visual Studio Solution File, Format Version 12.00
# Visual Studio Express 2012 for Web
Project("{FAE04EC0-301F-11D3-BF4B-00C04F79EFBC}") = "github", "github\github.csproj", "{F3584B39-D806-4923-9A0F-DA5CD3D6BE20}"
EndProject
Global
	GlobalSection(SolutionConfigurationPlatforms) = preSolution
		Debug|Any CPU = Debug|Any CPU
		Release|Any CPU = Release|Any CPU
	EndGlobalSection
	GlobalSection(ProjectConfigurationPlatforms) = postSolution
		{F3584B39-D806-4923-9A0F-DA5CD3D6BE20}.Debug|Any CPU.ActiveCfg = Debug|Any CPU
		{F3584B39-D806-4923-9A0F-DA5CD3D6BE20}.Debug|Any CPU.Build.0 = Debug|Any CPU
		{F3584B39-D806-4923-9A0F-DA5CD3D6BE20}.Release|Any CPU.ActiveCfg = Release|Any CPU
		{F3584B39-D806-4923-9A0F-DA5CD3D6BE20}.Release|Any CPU.Build.0 = Release|Any CPU
	EndGlobalSection
	GlobalSection(SolutionProperties) = preSolution
		HideSolutionNode = FALSE
	EndGlobalSection
EndGlobal
